# generated by rye
# use `rye lock` or `rye sync` to update this lockfile
#
# last locked with the following flags:
#   pre: false
#   features: []
#   all-features: false
#   with-sources: false
#   generate-hashes: false

-e file:.
annotated-types==0.7.0
    # via pydantic
appnope==0.1.4
    # via ipykernel
argcomplete==3.2.3
    # via commitizen
asttokens==2.4.1
    # via snoop
    # via stack-data
babel==2.14.0
    # via mkdocs-material
black==24.3.0
    # via blacken-docs
blacken-docs==1.16.0
boolean-py==4.0
    # via license-expression
cachecontrol==0.14.0
    # via pip-audit
cairocffi==1.6.1
    # via cairosvg
cairosvg==2.7.1
    # via mkdocs-material
certifi==2024.2.2
    # via requests
cffi==1.16.0
    # via cairocffi
cfgv==3.4.0
    # via pre-commit
charset-normalizer==3.3.2
    # via commitizen
    # via requests
cheap-repr==0.5.1
    # via snoop
click==8.1.7
    # via black
    # via deptry
    # via lorem-text
    # via mkdocs
    # via mkdocstrings
    # via typer
colorama==0.4.6
    # via commitizen
    # via copier
    # via griffe
    # via mkdocs-material
comm==0.2.2
    # via ipykernel
commitizen==3.20.0
copier==9.2.0
    # via copier-rye
coverage==7.4.4
    # via pytest-cov
cssselect2==0.7.0
    # via cairosvg
cyclonedx-python-lib==6.4.4
    # via pip-audit
debugpy==1.8.1
    # via ipykernel
decli==0.6.1
    # via commitizen
decorator==5.1.1
    # via ipython
defusedxml==0.7.1
    # via cairosvg
    # via py-serializable
deptry==0.15.0
distlib==0.3.8
    # via virtualenv
dunamai==1.21.1
    # via copier
executing==2.0.1
    # via snoop
    # via stack-data
fastjsonschema==2.19.1
    # via validate-pyproject
filelock==3.13.1
    # via cachecontrol
    # via virtualenv
funcy==2.0
    # via copier
ghp-import==2.1.0
    # via mkdocs
griffe==0.42.1
    # via mkdocstrings-python
html5lib==1.1
    # via pip-audit
identify==2.5.35
    # via pre-commit
idna==3.6
    # via requests
importlib-metadata==7.1.0
    # via commitizen
iniconfig==2.0.0
    # via pytest
ipykernel==6.29.3
ipython==8.18.0
    # via ipykernel
jedi==0.19.1
    # via ipython
jinja2==3.1.3
    # via commitizen
    # via copier
    # via jinja2-ansible-filters
    # via mkdocs
    # via mkdocs-macros-plugin
    # via mkdocs-material
    # via mkdocstrings
jinja2-ansible-filters==1.3.2
    # via copier
jupyter-client==8.6.1
    # via ipykernel
jupyter-core==5.7.2
    # via ipykernel
    # via jupyter-client
license-expression==30.3.0
    # via cyclonedx-python-lib
loguru==0.7.2
    # via copier-rye
    # via maxgradient
lorem-text==2.1
    # via maxgradient
markdown==3.5.2
    # via mkdocs
    # via mkdocs-autorefs
    # via mkdocs-material
    # via mkdocstrings
    # via mkdocstrings-python
    # via pymdown-extensions
markdown-it-py==3.0.0
    # via rich
markupsafe==2.1.5
    # via jinja2
    # via mkdocs
    # via mkdocs-autorefs
    # via mkdocstrings
matplotlib-inline==0.1.6
    # via ipykernel
    # via ipython
maxgradient==0.3.1
    # via copier-rye
mdurl==0.1.2
    # via markdown-it-py
mergedeep==1.3.4
    # via mkdocs
mkdocs==1.5.3
    # via mkdocs-autorefs
    # via mkdocs-macros-plugin
    # via mkdocs-material
    # via mkdocstrings
mkdocs-autorefs==1.0.1
    # via mkdocstrings
mkdocs-macros-plugin==1.0.5
mkdocs-material==9.5.15
mkdocs-material-extensions==1.3.1
    # via mkdocs-material
mkdocstrings==0.24.1
    # via maxgradient
    # via mkdocstrings-python
mkdocstrings-python==1.9.0
msgpack==1.0.8
    # via cachecontrol
mypy==1.9.0
mypy-extensions==1.0.0
    # via black
    # via mypy
natsort==8.4.0
    # via pyproject-fmt
nest-asyncio==1.6.0
    # via ipykernel
nodeenv==1.8.0
    # via pre-commit
numpy==1.26.4
    # via maxgradient
packageurl-python==0.15.0
    # via cyclonedx-python-lib
packaging==24.0
    # via black
    # via commitizen
    # via copier
    # via dunamai
    # via ipykernel
    # via mkdocs
    # via pip-audit
    # via pip-requirements-parser
    # via pyproject-fmt
    # via pytest
paginate==0.5.6
    # via mkdocs-material
parso==0.8.3
    # via jedi
pathspec==0.12.1
    # via black
    # via copier
    # via mkdocs
pendulum==3.0.0
    # via maxgradient
pexpect==4.9.0
    # via ipython
pillow==10.2.0
    # via cairosvg
    # via mkdocs-material
pip==24.0
    # via pip-api
pip-api==0.0.33
    # via pip-audit
pip-audit==2.7.2
pip-requirements-parser==32.0.1
    # via pip-audit
platformdirs==4.2.0
    # via black
    # via jupyter-core
    # via mkdocs
    # via mkdocstrings
    # via virtualenv
pluggy==1.4.0
    # via pytest
plumbum==1.8.3
    # via copier
pre-commit==3.7.0
prompt-toolkit==3.0.36
    # via ipython
    # via questionary
psutil==5.9.8
    # via ipykernel
ptyprocess==0.7.0
    # via pexpect
pure-eval==0.2.2
    # via stack-data
py-serializable==1.0.2
    # via cyclonedx-python-lib
pycparser==2.21
    # via cffi
pydantic==2.7.1
    # via copier
    # via maxgradient
    # via pydantic-extra-types
    # via pydantic-settings
pydantic-core==2.18.2
    # via pydantic
pydantic-extra-types==2.7.0
    # via maxgradient
pydantic-settings==2.2.1
    # via maxgradient
pygments==2.17.2
    # via copier
    # via ipython
    # via mkdocs-material
    # via rich
    # via snoop
pymdown-extensions==10.7.1
    # via mkdocs-material
    # via mkdocstrings
pyparsing==3.1.2
    # via pip-requirements-parser
pyproject-fmt==1.7.0
pytest==8.1.1
    # via pytest-cov
pytest-cov==5.0.0
python-dateutil==2.9.0.post0
    # via ghp-import
    # via jupyter-client
    # via mkdocs-macros-plugin
    # via pendulum
    # via time-machine
python-dotenv==1.0.1
    # via maxgradient
    # via pydantic-settings
pyyaml==6.0.1
    # via commitizen
    # via copier
    # via jinja2-ansible-filters
    # via mkdocs
    # via mkdocs-macros-plugin
    # via pre-commit
    # via pymdown-extensions
    # via pyyaml-env-tag
pyyaml-env-tag==0.1
    # via mkdocs
pyzmq==25.1.2
    # via ipykernel
    # via jupyter-client
questionary==2.0.1
    # via commitizen
    # via copier
regex==2023.12.25
    # via mkdocs-material
requests==2.31.0
    # via cachecontrol
    # via mkdocs-material
    # via pip-audit
rich==13.7.1
    # via copier-rye
    # via maxgradient
    # via pip-audit
    # via typer
ruff==0.3.4
setuptools==69.2.0
    # via nodeenv
shellingham==1.5.4
    # via typer
six==1.16.0
    # via asttokens
    # via html5lib
    # via python-dateutil
    # via snoop
snoop==0.4.3
    # via maxgradient
sortedcontainers==2.4.0
    # via cyclonedx-python-lib
stack-data==0.6.3
    # via ipython
termcolor==2.4.0
    # via commitizen
    # via mkdocs-macros-plugin
time-machine==2.14.1
    # via pendulum
tinycss2==1.2.1
    # via cairosvg
    # via cssselect2
toml==0.10.2
    # via pip-audit
tomlkit==0.12.4
    # via commitizen
    # via pyproject-fmt
tornado==6.4
    # via ipykernel
    # via jupyter-client
traitlets==5.14.2
    # via comm
    # via ipykernel
    # via ipython
    # via jupyter-client
    # via jupyter-core
    # via matplotlib-inline
typer==0.12.3
    # via maxgradient
typing-extensions==4.10.0
    # via mypy
    # via pydantic
    # via pydantic-core
    # via typer
tzdata==2024.1
    # via pendulum
urllib3==2.2.1
    # via requests
validate-pyproject==0.16
virtualenv==20.25.1
    # via pre-commit
watchdog==4.0.0
    # via mkdocs
wcwidth==0.2.13
    # via prompt-toolkit
webencodings==0.5.1
    # via cssselect2
    # via html5lib
    # via tinycss2
zipp==3.18.1
    # via importlib-metadata
